
Microsoft Visual Studio Solution File, Format Version 12.00
# Visual Studio Version 17
VisualStudioVersion = 17.10.34916.146
MinimumVisualStudioVersion = 10.0.40219.1
Project("{FAE04EC0-301F-11D3-BF4B-00C04F79EFBC}") = "CrudWithDapperGeneric", "CrudWithDapperGeneric\CrudWithDapperGeneric.csproj", "{355C44AC-BCDA-452D-85B0-3159F3EC8156}"
EndProject
Global
	GlobalSection(SolutionConfigurationPlatforms) = preSolution
		Debug|Any CPU = Debug|Any CPU
		Release|Any CPU = Release|Any CPU
	EndGlobalSection
	GlobalSection(ProjectConfigurationPlatforms) = postSolution
		{355C44AC-BCDA-452D-85B0-3159F3EC8156}.Debug|Any CPU.ActiveCfg = Debug|Any CPU
		{355C44AC-BCDA-452D-85B0-3159F3EC8156}.Debug|Any CPU.Build.0 = Debug|Any CPU
		{355C44AC-BCDA-452D-85B0-3159F3EC8156}.Release|Any CPU.ActiveCfg = Release|Any CPU
		{355C44AC-BCDA-452D-85B0-3159F3EC8156}.Release|Any CPU.Build.0 = Release|Any CPU
	EndGlobalSection
	GlobalSection(SolutionProperties) = preSolution
		HideSolutionNode = FALSE
	EndGlobalSection
	GlobalSection(ExtensibilityGlobals) = postSolution
		SolutionGuid = {F0505F7B-A172-4606-BDBC-167C53B49006}
	EndGlobalSection
EndGlobal
